
Microsoft Visual Studio Solution File, Format Version 12.00
# Visual Studio 15
VisualStudioVersion = 15.0.27130.2026
MinimumVisualStudioVersion = 10.0.40219.1
Project("{FAE04EC0-301F-11D3-BF4B-00C04F79EFBC}") = "Lab10", "Lab10.csproj", "{D271503B-3977-485E-A2C3-83F24EB5F5A8}"
EndProject
Global
	GlobalSection(SolutionConfigurationPlatforms) = preSolution
		Debug|Any CPU = Debug|Any CPU
		Release|Any CPU = Release|Any CPU
	EndGlobalSection
	GlobalSection(ProjectConfigurationPlatforms) = postSolution
		{D271503B-3977-485E-A2C3-83F24EB5F5A8}.Debug|Any CPU.ActiveCfg = Debug|Any CPU
		{D271503B-3977-485E-A2C3-83F24EB5F5A8}.Debug|Any CPU.Build.0 = Debug|Any CPU
		{D271503B-3977-485E-A2C3-83F24EB5F5A8}.Release|Any CPU.ActiveCfg = Release|Any CPU
		{D271503B-3977-485E-A2C3-83F24EB5F5A8}.Release|Any CPU.Build.0 = Release|Any CPU
	EndGlobalSection
	GlobalSection(SolutionProperties) = preSolution
		HideSolutionNode = FALSE
	EndGlobalSection
	GlobalSection(ExtensibilityGlobals) = postSolution
		SolutionGuid = {D301207F-CE5C-48B6-9BB9-D54E726D7126}
	EndGlobalSection
EndGlobal
